
Microsoft Visual Studio Solution File, Format Version 12.00
# Visual Studio Version 17
VisualStudioVersion = 17.2.32630.192
MinimumVisualStudioVersion = 10.0.40219.1
Project("{FAE04EC0-301F-11D3-BF4B-00C04F79EFBC}") = "OnlineStoreApp.WebApi", "OnlineStoreApp.WebApi\OnlineStoreApp.WebApi.csproj", "{172FBAFB-6BC0-4468-9D23-127F4352A37E}"
EndProject
Global
	GlobalSection(SolutionConfigurationPlatforms) = preSolution
		Debug|Any CPU = Debug|Any CPU
		Release|Any CPU = Release|Any CPU
	EndGlobalSection
	GlobalSection(ProjectConfigurationPlatforms) = postSolution
		{172FBAFB-6BC0-4468-9D23-127F4352A37E}.Debug|Any CPU.ActiveCfg = Debug|Any CPU
		{172FBAFB-6BC0-4468-9D23-127F4352A37E}.Debug|Any CPU.Build.0 = Debug|Any CPU
		{172FBAFB-6BC0-4468-9D23-127F4352A37E}.Release|Any CPU.ActiveCfg = Release|Any CPU
		{172FBAFB-6BC0-4468-9D23-127F4352A37E}.Release|Any CPU.Build.0 = Release|Any CPU
	EndGlobalSection
	GlobalSection(SolutionProperties) = preSolution
		HideSolutionNode = FALSE
	EndGlobalSection
	GlobalSection(ExtensibilityGlobals) = postSolution
		SolutionGuid = {C3EB1968-D76C-448E-B724-57BB8CCC21EC}
	EndGlobalSection
EndGlobal
